
Microsoft Visual Studio Solution File, Format Version 12.00
# Visual Studio Version 17
VisualStudioVersion = 17.8.34511.84
MinimumVisualStudioVersion = 10.0.40219.1
Project("{FAE04EC0-301F-11D3-BF4B-00C04F79EFBC}") = "jff_client_oidc_csharp_legacy", "jff_client_oidc_csharp_legacy\jff_client_oidc_csharp_legacy.csproj", "{F74B7A0E-794B-42C7-A679-474B0DD90B87}"
EndProject
Global
	GlobalSection(SolutionConfigurationPlatforms) = preSolution
		Debug|Any CPU = Debug|Any CPU
		Release|Any CPU = Release|Any CPU
	EndGlobalSection
	GlobalSection(ProjectConfigurationPlatforms) = postSolution
		{F74B7A0E-794B-42C7-A679-474B0DD90B87}.Debug|Any CPU.ActiveCfg = Debug|Any CPU
		{F74B7A0E-794B-42C7-A679-474B0DD90B87}.Debug|Any CPU.Build.0 = Debug|Any CPU
		{F74B7A0E-794B-42C7-A679-474B0DD90B87}.Release|Any CPU.ActiveCfg = Release|Any CPU
		{F74B7A0E-794B-42C7-A679-474B0DD90B87}.Release|Any CPU.Build.0 = Release|Any CPU
	EndGlobalSection
	GlobalSection(SolutionProperties) = preSolution
		HideSolutionNode = FALSE
	EndGlobalSection
	GlobalSection(ExtensibilityGlobals) = postSolution
		SolutionGuid = {DE4161BC-6203-404E-9255-77F9E52BC708}
	EndGlobalSection
EndGlobal
