
Microsoft Visual Studio Solution File, Format Version 12.00
# Visual Studio Version 17
VisualStudioVersion = 17.8.34511.84
MinimumVisualStudioVersion = 10.0.40219.1
Project("{FAE04EC0-301F-11D3-BF4B-00C04F79EFBC}") = "jff_client_oidc_csharp_legacy", "jff_client_oidc_csharp_legacy\jff_client_oidc_csharp_legacy.csproj", "{8D1E14B2-9A96-4295-910E-4CCCD9C7FEF2}"
EndProject
Project("{2150E333-8FDC-42A3-9474-1A3956D46DE8}") = "Solution Items", "Solution Items", "{C40232D0-B41E-4272-A3C4-B218E36D2559}"
	ProjectSection(SolutionItems) = preProject
		LICENSE = LICENSE
		LICENSE.txt = LICENSE.txt
		README.md = README.md
	EndProjectSection
EndProject
Project("{FAE04EC0-301F-11D3-BF4B-00C04F79EFBC}") = "Test", "Test\Test.csproj", "{A437F7DB-BCA4-4315-B5CB-780677D21427}"
EndProject
Global
	GlobalSection(SolutionConfigurationPlatforms) = preSolution
		Debug|Any CPU = Debug|Any CPU
		Release|Any CPU = Release|Any CPU
	EndGlobalSection
	GlobalSection(ProjectConfigurationPlatforms) = postSolution
		{8D1E14B2-9A96-4295-910E-4CCCD9C7FEF2}.Debug|Any CPU.ActiveCfg = Debug|Any CPU
		{8D1E14B2-9A96-4295-910E-4CCCD9C7FEF2}.Debug|Any CPU.Build.0 = Debug|Any CPU
		{8D1E14B2-9A96-4295-910E-4CCCD9C7FEF2}.Release|Any CPU.ActiveCfg = Release|Any CPU
		{8D1E14B2-9A96-4295-910E-4CCCD9C7FEF2}.Release|Any CPU.Build.0 = Release|Any CPU
		{A437F7DB-BCA4-4315-B5CB-780677D21427}.Debug|Any CPU.ActiveCfg = Debug|Any CPU
		{A437F7DB-BCA4-4315-B5CB-780677D21427}.Debug|Any CPU.Build.0 = Debug|Any CPU
		{A437F7DB-BCA4-4315-B5CB-780677D21427}.Release|Any CPU.ActiveCfg = Release|Any CPU
		{A437F7DB-BCA4-4315-B5CB-780677D21427}.Release|Any CPU.Build.0 = Release|Any CPU
	EndGlobalSection
	GlobalSection(SolutionProperties) = preSolution
		HideSolutionNode = FALSE
	EndGlobalSection
	GlobalSection(ExtensibilityGlobals) = postSolution
		SolutionGuid = {DE4161BC-6203-404E-9255-77F9E52BC708}
	EndGlobalSection
EndGlobal
